<?xml version="1.0" encoding="UTF-8" standalone="yes" ?>
<CodeBlocks_project_file>
	<FileVersion major="1" minor="6" />
	<Project>
		<Option title="italk" />
		<Option pch_mode="2" />
		<Option compiler="gcc" />
		<Build>
			<Target title="debugwin">
				<Option output="bin/Debug/italk" prefix_auto="1" extension_auto="1" />
				<Option object_output="obj/Debug/" />
				<Option type="1" />
				<Option compiler="gcc" />
				<Compiler>
					<Add option="-g" />
					<Add option="-DBUILD_FOR_WIN" />
					<Add option="-DITALK_DBG" />
				</Compiler>
			</Target>
			<Target title="releasewin">
				<Option output="bin/Release/italk" prefix_auto="1" extension_auto="1" />
				<Option object_output="obj/Release/" />
				<Option type="1" />
				<Option compiler="gcc" />
				<Compiler>
					<Add option="-O2" />
					<Add option="-DBUILD_FOR_WIN" />
				</Compiler>
				<Linker>
					<Add option="-s" />
				</Linker>
			</Target>
			<Target title="debuglin">
				<Option output="italk" prefix_auto="1" extension_auto="1" />
				<Option type="1" />
				<Option compiler="gcc" />
				<Compiler>
					<Add option="-DBUILD_FOR_LINUX" />
					<Add option="-DITALK_DBG" />
				</Compiler>
			</Target>
			<Target title="releaselin">
				<Option output="italk" prefix_auto="1" extension_auto="1" />
				<Option type="1" />
				<Option compiler="gcc" />
				<Compiler>
					<Add option="-DBUILD_FOR_LINUX" />
				</Compiler>
			</Target>
		</Build>
		<Compiler>
			<Add option="-Wall" />
		</Compiler>
		<Unit filename="ItalkBFishInterface.cpp" />
		<Unit filename="ItalkReadINIInterface.cpp" />
		<Unit filename="include/ItalkBFishInterface.h" />
		<Unit filename="include/ItalkReadINIInterface.h" />
		<Extensions>
			<code_completion />
			<envvars />
			<debugger />
			<lib_finder disable_auto="1" />
		</Extensions>
	</Project>
</CodeBlocks_project_file>
