<?xml version="1.0" encoding="UTF-8" standalone="yes" ?>
<CodeBlocks_project_file>
	<FileVersion major="1" minor="6" />
	<Project>
		<Option title="italk" />
		<Option pch_mode="2" />
		<Option compiler="gcc" />
		<Build>
			<Target title="Debug">
				<Option output="bin/Debug/italk" prefix_auto="1" extension_auto="1" />
				<Option object_output="obj/Debug/" />
				<Option type="1" />
				<Option compiler="gcc" />
				<Compiler>
					<Add option="-g" />
					<Add directory="C:/wxwidgets3/include" />
					<Add directory="C:/wxwidgets3/include/msvc" />
				</Compiler>
				<Linker>
					<Add directory="C:/wxwidgets3/lib" />
					<Add directory="C:/wxwidgets3/lib/gcc_lib" />
					<Add directory="C:/wxwidgets3/lib/gcc_dll" />
					<Add directory="C:/wxwidgets3/lib/gcc_dll/mswud" />
					<Add directory="C:/wxwidgets3/lib/gcc_lib/mswud" />
				</Linker>
			</Target>
			<Target title="Release">
				<Option output="bin/Release/italk" prefix_auto="1" extension_auto="1" />
				<Option object_output="obj/Release/" />
				<Option type="1" />
				<Option compiler="gcc" />
				<Compiler>
					<Add option="-O2" />
				</Compiler>
				<Linker>
					<Add option="-s" />
				</Linker>
			</Target>
		</Build>
		<Compiler>
			<Add option="-Wall" />
			<Add directory="C:/wxwidgets3/include" />
		</Compiler>
		<Linker>
			<Add directory="C:/wxwidgets3/lib" />
			<Add directory="C:/wxwidgets3/lib/gcc_lib" />
		</Linker>
		<Unit filename="italk.cpp" />
		<Extensions>
			<code_completion />
			<envvars />
			<debugger />
		</Extensions>
	</Project>
</CodeBlocks_project_file>
